// !$*UTF8*$!
{
	archiveVersion = 1;
	classes = {
	};
	objectVersion = 46;
	objects = {

/* Begin PBXBuildFile section */
		6E7233D51D18E57A00A17FC9 /* mouth2.png in Resources */ = {isa = PBXBuildFile; fileRef = 6E7233D11D18E57A00A17FC9 /* mouth2.png */; };
		6E7233D61D18E57A00A17FC9 /* mouth3.png in Resources */ = {isa = PBXBuildFile; fileRef = 6E7233D21D18E57A00A17FC9 /* mouth3.png */; };
		6E7233D71D18E57A00A17FC9 /* mouth4.png in Resources */ = {isa = PBXBuildFile; fileRef = 6E7233D31D18E57A00A17FC9 /* mouth4.png */; };
		6E7233D81D18E57A00A17FC9 /* mouth5.png in Resources */ = {isa = PBXBuildFile; fileRef = 6E7233D41D18E57A00A17FC9 /* mouth5.png */; };
		6E7233DC1D18E62700A17FC9 /* hair5.png in Resources */ = {isa = PBXBuildFile; fileRef = 6E7233D91D18E62700A17FC9 /* hair5.png */; };
		6E7233DD1D18E62700A17FC9 /* hair6.png in Resources */ = {isa = PBXBuildFile; fileRef = 6E7233DA1D18E62700A17FC9 /* hair6.png */; };
		6E7233DE1D18E62700A17FC9 /* hair7.png in Resources */ = {isa = PBXBuildFile; fileRef = 6E7233DB1D18E62700A17FC9 /* hair7.png */; };
		6E7233E01D18E73200A17FC9 /* plastic.jpg in Resources */ = {isa = PBXBuildFile; fileRef = 6E7233DF1D18E73200A17FC9 /* plastic.jpg */; };
		6E7233E41D18EA7C00A17FC9 /* blanket.jpg in Resources */ = {isa = PBXBuildFile; fileRef = 6E7233E31D18EA7C00A17FC9 /* blanket.jpg */; };
		6E7233E61D18EAD800A17FC9 /* face.png in Resources */ = {isa = PBXBuildFile; fileRef = 6E7233E51D18EAD800A17FC9 /* face.png */; };
		6EBD420C1D1796D10038D812 /* AppDelegate.swift in Sources */ = {isa = PBXBuildFile; fileRef = 6EBD420B1D1796D10038D812 /* AppDelegate.swift */; };
		6EBD420E1D1796D10038D812 /* ViewController.swift in Sources */ = {isa = PBXBuildFile; fileRef = 6EBD420D1D1796D10038D812 /* ViewController.swift */; };
		6EBD42111D1796D10038D812 /* Main.storyboard in Resources */ = {isa = PBXBuildFile; fileRef = 6EBD420F1D1796D10038D812 /* Main.storyboard */; };
		6EBD42131D1796D10038D812 /* Assets.xcassets in Resources */ = {isa = PBXBuildFile; fileRef = 6EBD42121D1796D10038D812 /* Assets.xcassets */; };
		6EBD42161D1796D10038D812 /* LaunchScreen.storyboard in Resources */ = {isa = PBXBuildFile; fileRef = 6EBD42141D1796D10038D812 /* LaunchScreen.storyboard */; };
		6EBD42241D1797050038D812 /* eye.png in Resources */ = {isa = PBXBuildFile; fileRef = 6EBD42201D1797050038D812 /* eye.png */; };
		6EBD42251D1797050038D812 /* nose.png in Resources */ = {isa = PBXBuildFile; fileRef = 6EBD42211D1797050038D812 /* nose.png */; };
		6EBD42261D1797050038D812 /* mouth1.png in Resources */ = {isa = PBXBuildFile; fileRef = 6EBD42221D1797050038D812 /* mouth1.png */; };
		6EBD42271D1797050038D812 /* mole.png in Resources */ = {isa = PBXBuildFile; fileRef = 6EBD42231D1797050038D812 /* mole.png */; };
		6EBD422C1D17970E0038D812 /* hair2.png in Resources */ = {isa = PBXBuildFile; fileRef = 6EBD42281D17970E0038D812 /* hair2.png */; };
		6EBD422D1D17970E0038D812 /* hair3.png in Resources */ = {isa = PBXBuildFile; fileRef = 6EBD42291D17970E0038D812 /* hair3.png */; };
		6EBD422E1D17970E0038D812 /* hair1.png in Resources */ = {isa = PBXBuildFile; fileRef = 6EBD422A1D17970E0038D812 /* hair1.png */; };
		6EBD422F1D17970E0038D812 /* hari4.png in Resources */ = {isa = PBXBuildFile; fileRef = 6EBD422B1D17970E0038D812 /* hari4.png */; };
		6EBD42331D1797130038D812 /* brow2.png in Resources */ = {isa = PBXBuildFile; fileRef = 6EBD42301D1797130038D812 /* brow2.png */; };
		6EBD42341D1797130038D812 /* brow1.png in Resources */ = {isa = PBXBuildFile; fileRef = 6EBD42311D1797130038D812 /* brow1.png */; };
		6EBD42351D1797130038D812 /* brow3.png in Resources */ = {isa = PBXBuildFile; fileRef = 6EBD42321D1797130038D812 /* brow3.png */; };
		6EBD423B1D179E5D0038D812 /* Items.swift in Sources */ = {isa = PBXBuildFile; fileRef = 6EBD423A1D179E5D0038D812 /* Items.swift */; };
		6EBD423F1D17ADB90038D812 /* beard.png in Resources */ = {isa = PBXBuildFile; fileRef = 6EBD423D1D17ADB90038D812 /* beard.png */; };
/* End PBXBuildFile section */

/* Begin PBXFileReference section */
		6E7233D11D18E57A00A17FC9 /* mouth2.png */ = {isa = PBXFileReference; lastKnownFileType = image.png; path = mouth2.png; sourceTree = "<group>"; };
		6E7233D21D18E57A00A17FC9 /* mouth3.png */ = {isa = PBXFileReference; lastKnownFileType = image.png; path = mouth3.png; sourceTree = "<group>"; };
		6E7233D31D18E57A00A17FC9 /* mouth4.png */ = {isa = PBXFileReference; lastKnownFileType = image.png; path = mouth4.png; sourceTree = "<group>"; };
		6E7233D41D18E57A00A17FC9 /* mouth5.png */ = {isa = PBXFileReference; lastKnownFileType = image.png; path = mouth5.png; sourceTree = "<group>"; };
		6E7233D91D18E62700A17FC9 /* hair5.png */ = {isa = PBXFileReference; lastKnownFileType = image.png; path = hair5.png; sourceTree = "<group>"; };
		6E7233DA1D18E62700A17FC9 /* hair6.png */ = {isa = PBXFileReference; lastKnownFileType = image.png; path = hair6.png; sourceTree = "<group>"; };
		6E7233DB1D18E62700A17FC9 /* hair7.png */ = {isa = PBXFileReference; lastKnownFileType = image.png; path = hair7.png; sourceTree = "<group>"; };
		6E7233DF1D18E73200A17FC9 /* plastic.jpg */ = {isa = PBXFileReference; lastKnownFileType = image.jpeg; path = plastic.jpg; sourceTree = "<group>"; };
		6E7233E31D18EA7C00A17FC9 /* blanket.jpg */ = {isa = PBXFileReference; lastKnownFileType = image.jpeg; path = blanket.jpg; sourceTree = "<group>"; };
		6E7233E51D18EAD800A17FC9 /* face.png */ = {isa = PBXFileReference; lastKnownFileType = image.png; path = face.png; sourceTree = "<group>"; };
		6EBD42081D1796D10038D812 /* GestureRec - TienSon.app */ = {isa = PBXFileReference; explicitFileType = wrapper.application; includeInIndex = 0; path = "GestureRec - TienSon.app"; sourceTree = BUILT_PRODUCTS_DIR; };
		6EBD420B1D1796D10038D812 /* AppDelegate.swift */ = {isa = PBXFileReference; lastKnownFileType = sourcecode.swift; path = AppDelegate.swift; sourceTree = "<group>"; };
		6EBD420D1D1796D10038D812 /* ViewController.swift */ = {isa = PBXFileReference; lastKnownFileType = sourcecode.swift; path = ViewController.swift; sourceTree = "<group>"; };
		6EBD42101D1796D10038D812 /* Base */ = {isa = PBXFileReference; lastKnownFileType = file.storyboard; name = Base; path = Base.lproj/Main.storyboard; sourceTree = "<group>"; };
		6EBD42121D1796D10038D812 /* Assets.xcassets */ = {isa = PBXFileReference; lastKnownFileType = folder.assetcatalog; path = Assets.xcassets; sourceTree = "<group>"; };
		6EBD42151D1796D10038D812 /* Base */ = {isa = PBXFileReference; lastKnownFileType = file.storyboard; name = Base; path = Base.lproj/LaunchScreen.storyboard; sourceTree = "<group>"; };
		6EBD42171D1796D10038D812 /* Info.plist */ = {isa = PBXFileReference; lastKnownFileType = text.plist.xml; path = Info.plist; sourceTree = "<group>"; };
		6EBD42201D1797050038D812 /* eye.png */ = {isa = PBXFileReference; lastKnownFileType = image.png; path = eye.png; sourceTree = "<group>"; };
		6EBD42211D1797050038D812 /* nose.png */ = {isa = PBXFileReference; lastKnownFileType = image.png; path = nose.png; sourceTree = "<group>"; };
		6EBD42221D1797050038D812 /* mouth1.png */ = {isa = PBXFileReference; lastKnownFileType = image.png; path = mouth1.png; sourceTree = "<group>"; };
		6EBD42231D1797050038D812 /* mole.png */ = {isa = PBXFileReference; lastKnownFileType = image.png; path = mole.png; sourceTree = "<group>"; };
		6EBD42281D17970E0038D812 /* hair2.png */ = {isa = PBXFileReference; lastKnownFileType = image.png; path = hair2.png; sourceTree = "<group>"; };
		6EBD42291D17970E0038D812 /* hair3.png */ = {isa = PBXFileReference; lastKnownFileType = image.png; path = hair3.png; sourceTree = "<group>"; };
		6EBD422A1D17970E0038D812 /* hair1.png */ = {isa = PBXFileReference; lastKnownFileType = image.png; path = hair1.png; sourceTree = "<group>"; };
		6EBD422B1D17970E0038D812 /* hari4.png */ = {isa = PBXFileReference; lastKnownFileType = image.png; path = hari4.png; sourceTree = "<group>"; };
		6EBD42301D1797130038D812 /* brow2.png */ = {isa = PBXFileReference; lastKnownFileType = image.png; path = brow2.png; sourceTree = "<group>"; };
		6EBD42311D1797130038D812 /* brow1.png */ = {isa = PBXFileReference; lastKnownFileType = image.png; path = brow1.png; sourceTree = "<group>"; };
		6EBD42321D1797130038D812 /* brow3.png */ = {isa = PBXFileReference; lastKnownFileType = image.png; path = brow3.png; sourceTree = "<group>"; };
		6EBD423A1D179E5D0038D812 /* Items.swift */ = {isa = PBXFileReference; fileEncoding = 4; lastKnownFileType = sourcecode.swift; path = Items.swift; sourceTree = "<group>"; };
		6EBD423D1D17ADB90038D812 /* beard.png */ = {isa = PBXFileReference; lastKnownFileType = image.png; path = beard.png; sourceTree = "<group>"; };
/* End PBXFileReference section */

/* Begin PBXFrameworksBuildPhase section */
		6EBD42051D1796D10038D812 /* Frameworks */ = {
			isa = PBXFrameworksBuildPhase;
			buildActionMask = 2147483647;
			files = (
			);
			runOnlyForDeploymentPostprocessing = 0;
		};
/* End PBXFrameworksBuildPhase section */

/* Begin PBXGroup section */
		6EBD41FF1D1796D10038D812 = {
			isa = PBXGroup;
			children = (
				6EBD421D1D1796DF0038D812 /* Resources */,
				6EBD420A1D1796D10038D812 /* GestureRec - TienSon */,
				6EBD42091D1796D10038D812 /* Products */,
			);
			sourceTree = "<group>";
		};
		6EBD42091D1796D10038D812 /* Products */ = {
			isa = PBXGroup;
			children = (
				6EBD42081D1796D10038D812 /* GestureRec - TienSon.app */,
			);
			name = Products;
			sourceTree = "<group>";
		};
		6EBD420A1D1796D10038D812 /* GestureRec - TienSon */ = {
			isa = PBXGroup;
			children = (
				6EBD420B1D1796D10038D812 /* AppDelegate.swift */,
				6EBD420D1D1796D10038D812 /* ViewController.swift */,
				6EBD423A1D179E5D0038D812 /* Items.swift */,
				6EBD420F1D1796D10038D812 /* Main.storyboard */,
				6EBD42121D1796D10038D812 /* Assets.xcassets */,
				6EBD42141D1796D10038D812 /* LaunchScreen.storyboard */,
				6EBD42171D1796D10038D812 /* Info.plist */,
			);
			path = "GestureRec - TienSon";
			sourceTree = "<group>";
		};
		6EBD421D1D1796DF0038D812 /* Resources */ = {
			isa = PBXGroup;
			children = (
				6E7233DF1D18E73200A17FC9 /* plastic.jpg */,
				6E7233E31D18EA7C00A17FC9 /* blanket.jpg */,
				6E7233E51D18EAD800A17FC9 /* face.png */,
				6EBD42201D1797050038D812 /* eye.png */,
				6EBD42211D1797050038D812 /* nose.png */,
				6EBD42221D1797050038D812 /* mouth1.png */,
				6E7233D11D18E57A00A17FC9 /* mouth2.png */,
				6E7233D21D18E57A00A17FC9 /* mouth3.png */,
				6E7233D31D18E57A00A17FC9 /* mouth4.png */,
				6E7233D41D18E57A00A17FC9 /* mouth5.png */,
				6EBD42231D1797050038D812 /* mole.png */,
				6EBD42311D1797130038D812 /* brow1.png */,
				6EBD42301D1797130038D812 /* brow2.png */,
				6EBD42321D1797130038D812 /* brow3.png */,
				6EBD422A1D17970E0038D812 /* hair1.png */,
				6EBD42281D17970E0038D812 /* hair2.png */,
				6EBD42291D17970E0038D812 /* hair3.png */,
				6EBD422B1D17970E0038D812 /* hari4.png */,
				6E7233D91D18E62700A17FC9 /* hair5.png */,
				6E7233DA1D18E62700A17FC9 /* hair6.png */,
				6E7233DB1D18E62700A17FC9 /* hair7.png */,
				6EBD423D1D17ADB90038D812 /* beard.png */,
			);
			name = Resources;
			sourceTree = "<group>";
		};
/* End PBXGroup section */

/* Begin PBXNativeTarget section */
		6EBD42071D1796D10038D812 /* GestureRec - TienSon */ = {
			isa = PBXNativeTarget;
			buildConfigurationList = 6EBD421A1D1796D10038D812 /* Build configuration list for PBXNativeTarget "GestureRec - TienSon" */;
			buildPhases = (
				6EBD42041D1796D10038D812 /* Sources */,
				6EBD42051D1796D10038D812 /* Frameworks */,
				6EBD42061D1796D10038D812 /* Resources */,
			);
			buildRules = (
			);
			dependencies = (
			);
			name = "GestureRec - TienSon";
			productName = "GestureRec - TienSon";
			productReference = 6EBD42081D1796D10038D812 /* GestureRec - TienSon.app */;
			productType = "com.apple.product-type.application";
		};
/* End PBXNativeTarget section */

/* Begin PBXProject section */
		6EBD42001D1796D10038D812 /* Project object */ = {
			isa = PBXProject;
			attributes = {
				LastSwiftUpdateCheck = 0730;
				LastUpgradeCheck = 0730;
				ORGANIZATIONNAME = "Tien Son";
				TargetAttributes = {
					6EBD42071D1796D10038D812 = {
						CreatedOnToolsVersion = 7.3;
					};
				};
			};
			buildConfigurationList = 6EBD42031D1796D10038D812 /* Build configuration list for PBXProject "GestureRec - TienSon" */;
			compatibilityVersion = "Xcode 3.2";
			developmentRegion = English;
			hasScannedForEncodings = 0;
			knownRegions = (
				en,
				Base,
			);
			mainGroup = 6EBD41FF1D1796D10038D812;
			productRefGroup = 6EBD42091D1796D10038D812 /* Products */;
			projectDirPath = "";
			projectRoot = "";
			targets = (
				6EBD42071D1796D10038D812 /* GestureRec - TienSon */,
			);
		};
/* End PBXProject section */

/* Begin PBXResourcesBuildPhase section */
		6EBD42061D1796D10038D812 /* Resources */ = {
			isa = PBXResourcesBuildPhase;
			buildActionMask = 2147483647;
			files = (
				6E7233D81D18E57A00A17FC9 /* mouth5.png in Resources */,
				6EBD42271D1797050038D812 /* mole.png in Resources */,
				6EBD422E1D17970E0038D812 /* hair1.png in Resources */,
				6EBD42161D1796D10038D812 /* LaunchScreen.storyboard in Resources */,
				6EBD42131D1796D10038D812 /* Assets.xcassets in Resources */,
				6EBD422D1D17970E0038D812 /* hair3.png in Resources */,
				6E7233DC1D18E62700A17FC9 /* hair5.png in Resources */,
				6EBD42251D1797050038D812 /* nose.png in Resources */,
				6E7233D51D18E57A00A17FC9 /* mouth2.png in Resources */,
				6E7233D71D18E57A00A17FC9 /* mouth4.png in Resources */,
				6E7233D61D18E57A00A17FC9 /* mouth3.png in Resources */,
				6EBD42261D1797050038D812 /* mouth1.png in Resources */,
				6EBD423F1D17ADB90038D812 /* beard.png in Resources */,
				6E7233DE1D18E62700A17FC9 /* hair7.png in Resources */,
				6E7233E01D18E73200A17FC9 /* plastic.jpg in Resources */,
				6E7233DD1D18E62700A17FC9 /* hair6.png in Resources */,
				6EBD422F1D17970E0038D812 /* hari4.png in Resources */,
				6EBD42341D1797130038D812 /* brow1.png in Resources */,
				6EBD42111D1796D10038D812 /* Main.storyboard in Resources */,
				6E7233E41D18EA7C00A17FC9 /* blanket.jpg in Resources */,
				6EBD42351D1797130038D812 /* brow3.png in Resources */,
				6E7233E61D18EAD800A17FC9 /* face.png in Resources */,
				6EBD42241D1797050038D812 /* eye.png in Resources */,
				6EBD422C1D17970E0038D812 /* hair2.png in Resources */,
				6EBD42331D1797130038D812 /* brow2.png in Resources */,
			);
			runOnlyForDeploymentPostprocessing = 0;
		};
/* End PBXResourcesBuildPhase section */

/* Begin PBXSourcesBuildPhase section */
		6EBD42041D1796D10038D812 /* Sources */ = {
			isa = PBXSourcesBuildPhase;
			buildActionMask = 2147483647;
			files = (
				6EBD420E1D1796D10038D812 /* ViewController.swift in Sources */,
				6EBD423B1D179E5D0038D812 /* Items.swift in Sources */,
				6EBD420C1D1796D10038D812 /* AppDelegate.swift in Sources */,
			);
			runOnlyForDeploymentPostprocessing = 0;
		};
/* End PBXSourcesBuildPhase section */

/* Begin PBXVariantGroup section */
		6EBD420F1D1796D10038D812 /* Main.storyboard */ = {
			isa = PBXVariantGroup;
			children = (
				6EBD42101D1796D10038D812 /* Base */,
			);
			name = Main.storyboard;
			sourceTree = "<group>";
		};
		6EBD42141D1796D10038D812 /* LaunchScreen.storyboard */ = {
			isa = PBXVariantGroup;
			children = (
				6EBD42151D1796D10038D812 /* Base */,
			);
			name = LaunchScreen.storyboard;
			sourceTree = "<group>";
		};
/* End PBXVariantGroup section */

/* Begin XCBuildConfiguration section */
		6EBD42181D1796D10038D812 /* Debug */ = {
			isa = XCBuildConfiguration;
			buildSettings = {
				ALWAYS_SEARCH_USER_PATHS = NO;
				CLANG_ANALYZER_NONNULL = YES;
				CLANG_CXX_LANGUAGE_STANDARD = "gnu++0x";
				CLANG_CXX_LIBRARY = "libc++";
				CLANG_ENABLE_MODULES = YES;
				CLANG_ENABLE_OBJC_ARC = YES;
				CLANG_WARN_BOOL_CONVERSION = YES;
				CLANG_WARN_CONSTANT_CONVERSION = YES;
				CLANG_WARN_DIRECT_OBJC_ISA_USAGE = YES_ERROR;
				CLANG_WARN_EMPTY_BODY = YES;
				CLANG_WARN_ENUM_CONVERSION = YES;
				CLANG_WARN_INT_CONVERSION = YES;
				CLANG_WARN_OBJC_ROOT_CLASS = YES_ERROR;
				CLANG_WARN_UNREACHABLE_CODE = YES;
				CLANG_WARN__DUPLICATE_METHOD_MATCH = YES;
				"CODE_SIGN_IDENTITY[sdk=iphoneos*]" = "iPhone Developer";
				COPY_PHASE_STRIP = NO;
				DEBUG_INFORMATION_FORMAT = dwarf;
				ENABLE_STRICT_OBJC_MSGSEND = YES;
				ENABLE_TESTABILITY = YES;
				GCC_C_LANGUAGE_STANDARD = gnu99;
				GCC_DYNAMIC_NO_PIC = NO;
				GCC_NO_COMMON_BLOCKS = YES;
				GCC_OPTIMIZATION_LEVEL = 0;
				GCC_PREPROCESSOR_DEFINITIONS = (
					"DEBUG=1",
					"$(inherited)",
				);
				GCC_WARN_64_TO_32_BIT_CONVERSION = YES;
				GCC_WARN_ABOUT_RETURN_TYPE = YES_ERROR;
				GCC_WARN_UNDECLARED_SELECTOR = YES;
				GCC_WARN_UNINITIALIZED_AUTOS = YES_AGGRESSIVE;
				GCC_WARN_UNUSED_FUNCTION = YES;
				GCC_WARN_UNUSED_VARIABLE = YES;
				IPHONEOS_DEPLOYMENT_TARGET = 9.3;
				MTL_ENABLE_DEBUG_INFO = YES;
				ONLY_ACTIVE_ARCH = YES;
				SDKROOT = iphoneos;
				SWIFT_OPTIMIZATION_LEVEL = "-Onone";
				TARGETED_DEVICE_FAMILY = "1,2";
			};
			name = Debug;
		};
		6EBD42191D1796D10038D812 /* Release */ = {
			isa = XCBuildConfiguration;
			buildSettings = {
				ALWAYS_SEARCH_USER_PATHS = NO;
				CLANG_ANALYZER_NONNULL = YES;
				CLANG_CXX_LANGUAGE_STANDARD = "gnu++0x";
				CLANG_CXX_LIBRARY = "libc++";
				CLANG_ENABLE_MODULES = YES;
				CLANG_ENABLE_OBJC_ARC = YES;
				CLANG_WARN_BOOL_CONVERSION = YES;
				CLANG_WARN_CONSTANT_CONVERSION = YES;
				CLANG_WARN_DIRECT_OBJC_ISA_USAGE = YES_ERROR;
				CLANG_WARN_EMPTY_BODY = YES;
				CLANG_WARN_ENUM_CONVERSION = YES;
				CLANG_WARN_INT_CONVERSION = YES;
				CLANG_WARN_OBJC_ROOT_CLASS = YES_ERROR;
				CLANG_WARN_UNREACHABLE_CODE = YES;
				CLANG_WARN__DUPLICATE_METHOD_MATCH = YES;
				"CODE_SIGN_IDENTITY[sdk=iphoneos*]" = "iPhone Developer";
				COPY_PHASE_STRIP = NO;
				DEBUG_INFORMATION_FORMAT = "dwarf-with-dsym";
				ENABLE_NS_ASSERTIONS = NO;
				ENABLE_STRICT_OBJC_MSGSEND = YES;
				GCC_C_LANGUAGE_STANDARD = gnu99;
				GCC_NO_COMMON_BLOCKS = YES;
				GCC_WARN_64_TO_32_BIT_CONVERSION = YES;
				GCC_WARN_ABOUT_RETURN_TYPE = YES_ERROR;
				GCC_WARN_UNDECLARED_SELECTOR = YES;
				GCC_WARN_UNINITIALIZED_AUTOS = YES_AGGRESSIVE;
				GCC_WARN_UNUSED_FUNCTION = YES;
				GCC_WARN_UNUSED_VARIABLE = YES;
				IPHONEOS_DEPLOYMENT_TARGET = 9.3;
				MTL_ENABLE_DEBUG_INFO = NO;
				SDKROOT = iphoneos;
				TARGETED_DEVICE_FAMILY = "1,2";
				VALIDATE_PRODUCT = YES;
			};
			name = Release;
		};
		6EBD421B1D1796D10038D812 /* Debug */ = {
			isa = XCBuildConfiguration;
			buildSettings = {
				ASSETCATALOG_COMPILER_APPICON_NAME = AppIcon;
				INFOPLIST_FILE = "GestureRec - TienSon/Info.plist";
				LD_RUNPATH_SEARCH_PATHS = "$(inherited) @executable_path/Frameworks";
				PRODUCT_BUNDLE_IDENTIFIER = "vn.techmaster.GestureRec---TienSon";
				PRODUCT_NAME = "$(TARGET_NAME)";
			};
			name = Debug;
		};
		6EBD421C1D1796D10038D812 /* Release */ = {
			isa = XCBuildConfiguration;
			buildSettings = {
				ASSETCATALOG_COMPILER_APPICON_NAME = AppIcon;
				INFOPLIST_FILE = "GestureRec - TienSon/Info.plist";
				LD_RUNPATH_SEARCH_PATHS = "$(inherited) @executable_path/Frameworks";
				PRODUCT_BUNDLE_IDENTIFIER = "vn.techmaster.GestureRec---TienSon";
				PRODUCT_NAME = "$(TARGET_NAME)";
			};
			name = Release;
		};
/* End XCBuildConfiguration section */

/* Begin XCConfigurationList section */
		6EBD42031D1796D10038D812 /* Build configuration list for PBXProject "GestureRec - TienSon" */ = {
			isa = XCConfigurationList;
			buildConfigurations = (
				6EBD42181D1796D10038D812 /* Debug */,
				6EBD42191D1796D10038D812 /* Release */,
			);
			defaultConfigurationIsVisible = 0;
			defaultConfigurationName = Release;
		};
		6EBD421A1D1796D10038D812 /* Build configuration list for PBXNativeTarget "GestureRec - TienSon" */ = {
			isa = XCConfigurationList;
			buildConfigurations = (
				6EBD421B1D1796D10038D812 /* Debug */,
				6EBD421C1D1796D10038D812 /* Release */,
			);
			defaultConfigurationIsVisible = 0;
			defaultConfigurationName = Release;
		};
/* End XCConfigurationList section */
	};
	rootObject = 6EBD42001D1796D10038D812 /* Project object */;
}
